
Microsoft Visual Studio Solution File, Format Version 12.00
# Visual Studio Version 17
VisualStudioVersion = 17.10.34928.147
MinimumVisualStudioVersion = 10.0.40219.1
Project("{FAE04EC0-301F-11D3-BF4B-00C04F79EFBC}") = "MockExamTryJuly", "MockExamTryJuly\MockExamTryJuly.csproj", "{1C55E4DE-70DB-490A-B4AD-F2BFD1D19AD2}"
EndProject
Global
	GlobalSection(SolutionConfigurationPlatforms) = preSolution
		Debug|Any CPU = Debug|Any CPU
		Release|Any CPU = Release|Any CPU
	EndGlobalSection
	GlobalSection(ProjectConfigurationPlatforms) = postSolution
		{1C55E4DE-70DB-490A-B4AD-F2BFD1D19AD2}.Debug|Any CPU.ActiveCfg = Debug|Any CPU
		{1C55E4DE-70DB-490A-B4AD-F2BFD1D19AD2}.Debug|Any CPU.Build.0 = Debug|Any CPU
		{1C55E4DE-70DB-490A-B4AD-F2BFD1D19AD2}.Release|Any CPU.ActiveCfg = Release|Any CPU
		{1C55E4DE-70DB-490A-B4AD-F2BFD1D19AD2}.Release|Any CPU.Build.0 = Release|Any CPU
	EndGlobalSection
	GlobalSection(SolutionProperties) = preSolution
		HideSolutionNode = FALSE
	EndGlobalSection
	GlobalSection(ExtensibilityGlobals) = postSolution
		SolutionGuid = {AC2BCA26-FAFB-43DC-A907-8349FDD3DFD5}
	EndGlobalSection
EndGlobal
